
Microsoft Visual Studio Solution File, Format Version 12.00
# Visual Studio Version 16
VisualStudioVersion = 16.6.30114.105
MinimumVisualStudioVersion = 10.0.40219.1
Project("{2150E333-8FDC-42A3-9474-1A3956D46DE8}") = "src", "src", "{330A10D2-988F-4D06-B7D4-08315D9CC9DF}"
EndProject
Project("{FAE04EC0-301F-11D3-BF4B-00C04F79EFBC}") = "hateoas.starter", "src\hateoas.starter\hateoas.starter.csproj", "{B2474E3F-B786-420C-B776-48696BD63241}"
EndProject
Global
	GlobalSection(SolutionConfigurationPlatforms) = preSolution
		Debug|Any CPU = Debug|Any CPU
		Debug|x64 = Debug|x64
		Debug|x86 = Debug|x86
		Release|Any CPU = Release|Any CPU
		Release|x64 = Release|x64
		Release|x86 = Release|x86
	EndGlobalSection
	GlobalSection(SolutionProperties) = preSolution
		HideSolutionNode = FALSE
	EndGlobalSection
	GlobalSection(ProjectConfigurationPlatforms) = postSolution
		{B2474E3F-B786-420C-B776-48696BD63241}.Debug|Any CPU.ActiveCfg = Debug|Any CPU
		{B2474E3F-B786-420C-B776-48696BD63241}.Debug|Any CPU.Build.0 = Debug|Any CPU
		{B2474E3F-B786-420C-B776-48696BD63241}.Debug|x64.ActiveCfg = Debug|Any CPU
		{B2474E3F-B786-420C-B776-48696BD63241}.Debug|x64.Build.0 = Debug|Any CPU
		{B2474E3F-B786-420C-B776-48696BD63241}.Debug|x86.ActiveCfg = Debug|Any CPU
		{B2474E3F-B786-420C-B776-48696BD63241}.Debug|x86.Build.0 = Debug|Any CPU
		{B2474E3F-B786-420C-B776-48696BD63241}.Release|Any CPU.ActiveCfg = Release|Any CPU
		{B2474E3F-B786-420C-B776-48696BD63241}.Release|Any CPU.Build.0 = Release|Any CPU
		{B2474E3F-B786-420C-B776-48696BD63241}.Release|x64.ActiveCfg = Release|Any CPU
		{B2474E3F-B786-420C-B776-48696BD63241}.Release|x64.Build.0 = Release|Any CPU
		{B2474E3F-B786-420C-B776-48696BD63241}.Release|x86.ActiveCfg = Release|Any CPU
		{B2474E3F-B786-420C-B776-48696BD63241}.Release|x86.Build.0 = Release|Any CPU
	EndGlobalSection
	GlobalSection(NestedProjects) = preSolution
		{B2474E3F-B786-420C-B776-48696BD63241} = {330A10D2-988F-4D06-B7D4-08315D9CC9DF}
	EndGlobalSection
EndGlobal
